
Microsoft Visual Studio Solution File, Format Version 12.00
# Visual Studio Version 17
VisualStudioVersion = 17.14.36811.4
MinimumVisualStudioVersion = 10.0.40219.1
Project("{FAE04EC0-301F-11D3-BF4B-00C04F79EFBC}") = "RailMachineModules", "RailMachineModules\RailMachineModules.csproj", "{604571AE-3757-9EDE-9BC0-B04F8C140911}"
EndProject
Project("{FAE04EC0-301F-11D3-BF4B-00C04F79EFBC}") = "GKG.RailMachineModules", "GKG.RailMachineModules\GKG.RailMachineModules.csproj", "{F8317FD3-387B-91C4-4712-81BBEBB03F2D}"
EndProject
Project("{2150E333-8FDC-42A3-9474-1A3956D46DE8}") = "RailWorkStation", "RailWorkStation", "{7275987B-9762-4DB5-A60C-45F3881008D5}"
EndProject
Project("{FAE04EC0-301F-11D3-BF4B-00C04F79EFBC}") = "RailWorkStationSubMachineModules", "..\RailWorkStation\RailWorkStationSubMachineModules\RailWorkStationSubMachineModules.csproj", "{BE8F0277-185B-0AD0-3B52-12F27CE55D1F}"
EndProject
Project("{FAE04EC0-301F-11D3-BF4B-00C04F79EFBC}") = "GKG.RailWorkStationSubMachineModules", "..\RailWorkStation\GKG.RailWorkStationrSubMachineModules\GKG.RailWorkStationSubMachineModules.csproj", "{0DD5664A-25F0-361C-5D42-6A72C2BC4559}"
EndProject
Project("{2150E333-8FDC-42A3-9474-1A3956D46DE8}") = "RailMotor", "RailMotor", "{AB82DCCC-8272-418E-BAB0-F45B07252817}"
EndProject
Project("{FAE04EC0-301F-11D3-BF4B-00C04F79EFBC}") = "RailMotorSubMachineModules", "..\RailMotorSubMM\RailMotorSubMachineModules\RailMotorSubMachineModules.csproj", "{335CB99D-1CB0-505B-1998-0CCD24626C17}"
EndProject
Project("{FAE04EC0-301F-11D3-BF4B-00C04F79EFBC}") = "GKG.RailMotorSubMachineModules", "..\RailMotorSubMM\GKG.RailMotorSubMachineModules\GKG.RailMotorSubMachineModules.csproj", "{DD29BCD5-2852-5FEC-E0D6-1BE47AA7DC4F}"
EndProject
Project("{2150E333-8FDC-42A3-9474-1A3956D46DE8}") = "RailAdjustWidth", "RailAdjustWidth", "{D20E9CB1-92EA-4758-BF9D-679FD61B33BA}"
EndProject
Project("{FAE04EC0-301F-11D3-BF4B-00C04F79EFBC}") = "RailAdjustWidthSubMachineModules", "..\RailAdjustWidthSubMM\RailAdjustWidthSubMachineModules\RailAdjustWidthSubMachineModules.csproj", "{34F40D08-0256-49CF-BE9B-7220F49B06D8}"
EndProject
Project("{FAE04EC0-301F-11D3-BF4B-00C04F79EFBC}") = "GKG.RailAdjustWidthSubMachineModules", "..\RailAdjustWidthSubMM\GKG.RailAdjustWidthSubMachineModules\GKG.RailAdjustWidthSubMachineModules.csproj", "{8ADCACCD-B4A3-F01C-8759-9086D8165F22}"
EndProject
Project("{2150E333-8FDC-42A3-9474-1A3956D46DE8}") = "RailCommunicate", "RailCommunicate", "{02EA681E-C7D8-13C7-8484-4AC65E1B71E8}"
EndProject
Project("{FAE04EC0-301F-11D3-BF4B-00C04F79EFBC}") = "GKG.RailCommunicateSubMachineModules", "..\RailCommunicateSubMM\GKG.RailCommunicateSubMachineModules\GKG.RailCommunicateSubMachineModules.csproj", "{1B9D0E05-CCEC-F019-B2CC-E0E3E87ADCA5}"
EndProject
Project("{FAE04EC0-301F-11D3-BF4B-00C04F79EFBC}") = "RailCommunicateSubMachineModules", "..\RailCommunicateSubMM\RailCommunicateSubMachineModules\RailCommunicateSubMachineModules.csproj", "{CD5F67DB-072D-7917-17D4-6F062072205E}"
EndProject
Project("{2150E333-8FDC-42A3-9474-1A3956D46DE8}") = "RailMM", "RailMM", "{CF08AE2C-7AA6-47D3-9D0F-A081C03668BB}"
EndProject
Global
	GlobalSection(SolutionConfigurationPlatforms) = preSolution
		Debug|Any CPU = Debug|Any CPU
		Debug|x64 = Debug|x64
		Debug|x86 = Debug|x86
		Release|Any CPU = Release|Any CPU
		Release|x64 = Release|x64
		Release|x86 = Release|x86
	EndGlobalSection
	GlobalSection(ProjectConfigurationPlatforms) = postSolution
		{604571AE-3757-9EDE-9BC0-B04F8C140911}.Debug|Any CPU.ActiveCfg = Debug|Any CPU
		{604571AE-3757-9EDE-9BC0-B04F8C140911}.Debug|Any CPU.Build.0 = Debug|Any CPU
		{604571AE-3757-9EDE-9BC0-B04F8C140911}.Debug|x64.ActiveCfg = Debug|Any CPU
		{604571AE-3757-9EDE-9BC0-B04F8C140911}.Debug|x64.Build.0 = Debug|Any CPU
		{604571AE-3757-9EDE-9BC0-B04F8C140911}.Debug|x86.ActiveCfg = Debug|Any CPU
		{604571AE-3757-9EDE-9BC0-B04F8C140911}.Debug|x86.Build.0 = Debug|Any CPU
		{604571AE-3757-9EDE-9BC0-B04F8C140911}.Release|Any CPU.ActiveCfg = Release|Any CPU
		{604571AE-3757-9EDE-9BC0-B04F8C140911}.Release|Any CPU.Build.0 = Release|Any CPU
		{604571AE-3757-9EDE-9BC0-B04F8C140911}.Release|x64.ActiveCfg = Release|Any CPU
		{604571AE-3757-9EDE-9BC0-B04F8C140911}.Release|x64.Build.0 = Release|Any CPU
		{604571AE-3757-9EDE-9BC0-B04F8C140911}.Release|x86.ActiveCfg = Release|Any CPU
		{604571AE-3757-9EDE-9BC0-B04F8C140911}.Release|x86.Build.0 = Release|Any CPU
		{F8317FD3-387B-91C4-4712-81BBEBB03F2D}.Debug|Any CPU.ActiveCfg = Debug|Any CPU
		{F8317FD3-387B-91C4-4712-81BBEBB03F2D}.Debug|Any CPU.Build.0 = Debug|Any CPU
		{F8317FD3-387B-91C4-4712-81BBEBB03F2D}.Debug|x64.ActiveCfg = Debug|Any CPU
		{F8317FD3-387B-91C4-4712-81BBEBB03F2D}.Debug|x64.Build.0 = Debug|Any CPU
		{F8317FD3-387B-91C4-4712-81BBEBB03F2D}.Debug|x86.ActiveCfg = Debug|Any CPU
		{F8317FD3-387B-91C4-4712-81BBEBB03F2D}.Debug|x86.Build.0 = Debug|Any CPU
		{F8317FD3-387B-91C4-4712-81BBEBB03F2D}.Release|Any CPU.ActiveCfg = Release|Any CPU
		{F8317FD3-387B-91C4-4712-81BBEBB03F2D}.Release|Any CPU.Build.0 = Release|Any CPU
		{F8317FD3-387B-91C4-4712-81BBEBB03F2D}.Release|x64.ActiveCfg = Release|Any CPU
		{F8317FD3-387B-91C4-4712-81BBEBB03F2D}.Release|x64.Build.0 = Release|Any CPU
		{F8317FD3-387B-91C4-4712-81BBEBB03F2D}.Release|x86.ActiveCfg = Release|Any CPU
		{F8317FD3-387B-91C4-4712-81BBEBB03F2D}.Release|x86.Build.0 = Release|Any CPU
		{BE8F0277-185B-0AD0-3B52-12F27CE55D1F}.Debug|Any CPU.ActiveCfg = Debug|Any CPU
		{BE8F0277-185B-0AD0-3B52-12F27CE55D1F}.Debug|Any CPU.Build.0 = Debug|Any CPU
		{BE8F0277-185B-0AD0-3B52-12F27CE55D1F}.Debug|x64.ActiveCfg = Debug|Any CPU
		{BE8F0277-185B-0AD0-3B52-12F27CE55D1F}.Debug|x64.Build.0 = Debug|Any CPU
		{BE8F0277-185B-0AD0-3B52-12F27CE55D1F}.Debug|x86.ActiveCfg = Debug|Any CPU
		{BE8F0277-185B-0AD0-3B52-12F27CE55D1F}.Debug|x86.Build.0 = Debug|Any CPU
		{BE8F0277-185B-0AD0-3B52-12F27CE55D1F}.Release|Any CPU.ActiveCfg = Release|Any CPU
		{BE8F0277-185B-0AD0-3B52-12F27CE55D1F}.Release|Any CPU.Build.0 = Release|Any CPU
		{BE8F0277-185B-0AD0-3B52-12F27CE55D1F}.Release|x64.ActiveCfg = Release|Any CPU
		{BE8F0277-185B-0AD0-3B52-12F27CE55D1F}.Release|x64.Build.0 = Release|Any CPU
		{BE8F0277-185B-0AD0-3B52-12F27CE55D1F}.Release|x86.ActiveCfg = Release|Any CPU
		{BE8F0277-185B-0AD0-3B52-12F27CE55D1F}.Release|x86.Build.0 = Release|Any CPU
		{0DD5664A-25F0-361C-5D42-6A72C2BC4559}.Debug|Any CPU.ActiveCfg = Debug|Any CPU
		{0DD5664A-25F0-361C-5D42-6A72C2BC4559}.Debug|Any CPU.Build.0 = Debug|Any CPU
		{0DD5664A-25F0-361C-5D42-6A72C2BC4559}.Debug|x64.ActiveCfg = Debug|Any CPU
		{0DD5664A-25F0-361C-5D42-6A72C2BC4559}.Debug|x64.Build.0 = Debug|Any CPU
		{0DD5664A-25F0-361C-5D42-6A72C2BC4559}.Debug|x86.ActiveCfg = Debug|Any CPU
		{0DD5664A-25F0-361C-5D42-6A72C2BC4559}.Debug|x86.Build.0 = Debug|Any CPU
		{0DD5664A-25F0-361C-5D42-6A72C2BC4559}.Release|Any CPU.ActiveCfg = Release|Any CPU
		{0DD5664A-25F0-361C-5D42-6A72C2BC4559}.Release|Any CPU.Build.0 = Release|Any CPU
		{0DD5664A-25F0-361C-5D42-6A72C2BC4559}.Release|x64.ActiveCfg = Release|Any CPU
		{0DD5664A-25F0-361C-5D42-6A72C2BC4559}.Release|x64.Build.0 = Release|Any CPU
		{0DD5664A-25F0-361C-5D42-6A72C2BC4559}.Release|x86.ActiveCfg = Release|Any CPU
		{0DD5664A-25F0-361C-5D42-6A72C2BC4559}.Release|x86.Build.0 = Release|Any CPU
		{335CB99D-1CB0-505B-1998-0CCD24626C17}.Debug|Any CPU.ActiveCfg = Debug|Any CPU
		{335CB99D-1CB0-505B-1998-0CCD24626C17}.Debug|Any CPU.Build.0 = Debug|Any CPU
		{335CB99D-1CB0-505B-1998-0CCD24626C17}.Debug|x64.ActiveCfg = Debug|Any CPU
		{335CB99D-1CB0-505B-1998-0CCD24626C17}.Debug|x64.Build.0 = Debug|Any CPU
		{335CB99D-1CB0-505B-1998-0CCD24626C17}.Debug|x86.ActiveCfg = Debug|Any CPU
		{335CB99D-1CB0-505B-1998-0CCD24626C17}.Debug|x86.Build.0 = Debug|Any CPU
		{335CB99D-1CB0-505B-1998-0CCD24626C17}.Release|Any CPU.ActiveCfg = Release|Any CPU
		{335CB99D-1CB0-505B-1998-0CCD24626C17}.Release|Any CPU.Build.0 = Release|Any CPU
		{335CB99D-1CB0-505B-1998-0CCD24626C17}.Release|x64.ActiveCfg = Release|Any CPU
		{335CB99D-1CB0-505B-1998-0CCD24626C17}.Release|x64.Build.0 = Release|Any CPU
		{335CB99D-1CB0-505B-1998-0CCD24626C17}.Release|x86.ActiveCfg = Release|Any CPU
		{335CB99D-1CB0-505B-1998-0CCD24626C17}.Release|x86.Build.0 = Release|Any CPU
		{DD29BCD5-2852-5FEC-E0D6-1BE47AA7DC4F}.Debug|Any CPU.ActiveCfg = Debug|Any CPU
		{DD29BCD5-2852-5FEC-E0D6-1BE47AA7DC4F}.Debug|Any CPU.Build.0 = Debug|Any CPU
		{DD29BCD5-2852-5FEC-E0D6-1BE47AA7DC4F}.Debug|x64.ActiveCfg = Debug|Any CPU
		{DD29BCD5-2852-5FEC-E0D6-1BE47AA7DC4F}.Debug|x64.Build.0 = Debug|Any CPU
		{DD29BCD5-2852-5FEC-E0D6-1BE47AA7DC4F}.Debug|x86.ActiveCfg = Debug|Any CPU
		{DD29BCD5-2852-5FEC-E0D6-1BE47AA7DC4F}.Debug|x86.Build.0 = Debug|Any CPU
		{DD29BCD5-2852-5FEC-E0D6-1BE47AA7DC4F}.Release|Any CPU.ActiveCfg = Release|Any CPU
		{DD29BCD5-2852-5FEC-E0D6-1BE47AA7DC4F}.Release|Any CPU.Build.0 = Release|Any CPU
		{DD29BCD5-2852-5FEC-E0D6-1BE47AA7DC4F}.Release|x64.ActiveCfg = Release|Any CPU
		{DD29BCD5-2852-5FEC-E0D6-1BE47AA7DC4F}.Release|x64.Build.0 = Release|Any CPU
		{DD29BCD5-2852-5FEC-E0D6-1BE47AA7DC4F}.Release|x86.ActiveCfg = Release|Any CPU
		{DD29BCD5-2852-5FEC-E0D6-1BE47AA7DC4F}.Release|x86.Build.0 = Release|Any CPU
		{34F40D08-0256-49CF-BE9B-7220F49B06D8}.Debug|Any CPU.ActiveCfg = Debug|Any CPU
		{34F40D08-0256-49CF-BE9B-7220F49B06D8}.Debug|Any CPU.Build.0 = Debug|Any CPU
		{34F40D08-0256-49CF-BE9B-7220F49B06D8}.Debug|x64.ActiveCfg = Debug|Any CPU
		{34F40D08-0256-49CF-BE9B-7220F49B06D8}.Debug|x64.Build.0 = Debug|Any CPU
		{34F40D08-0256-49CF-BE9B-7220F49B06D8}.Debug|x86.ActiveCfg = Debug|Any CPU
		{34F40D08-0256-49CF-BE9B-7220F49B06D8}.Debug|x86.Build.0 = Debug|Any CPU
		{34F40D08-0256-49CF-BE9B-7220F49B06D8}.Release|Any CPU.ActiveCfg = Release|Any CPU
		{34F40D08-0256-49CF-BE9B-7220F49B06D8}.Release|Any CPU.Build.0 = Release|Any CPU
		{34F40D08-0256-49CF-BE9B-7220F49B06D8}.Release|x64.ActiveCfg = Release|Any CPU
		{34F40D08-0256-49CF-BE9B-7220F49B06D8}.Release|x64.Build.0 = Release|Any CPU
		{34F40D08-0256-49CF-BE9B-7220F49B06D8}.Release|x86.ActiveCfg = Release|Any CPU
		{34F40D08-0256-49CF-BE9B-7220F49B06D8}.Release|x86.Build.0 = Release|Any CPU
		{8ADCACCD-B4A3-F01C-8759-9086D8165F22}.Debug|Any CPU.ActiveCfg = Debug|Any CPU
		{8ADCACCD-B4A3-F01C-8759-9086D8165F22}.Debug|Any CPU.Build.0 = Debug|Any CPU
		{8ADCACCD-B4A3-F01C-8759-9086D8165F22}.Debug|x64.ActiveCfg = Debug|Any CPU
		{8ADCACCD-B4A3-F01C-8759-9086D8165F22}.Debug|x64.Build.0 = Debug|Any CPU
		{8ADCACCD-B4A3-F01C-8759-9086D8165F22}.Debug|x86.ActiveCfg = Debug|Any CPU
		{8ADCACCD-B4A3-F01C-8759-9086D8165F22}.Debug|x86.Build.0 = Debug|Any CPU
		{8ADCACCD-B4A3-F01C-8759-9086D8165F22}.Release|Any CPU.ActiveCfg = Release|Any CPU
		{8ADCACCD-B4A3-F01C-8759-9086D8165F22}.Release|Any CPU.Build.0 = Release|Any CPU
		{8ADCACCD-B4A3-F01C-8759-9086D8165F22}.Release|x64.ActiveCfg = Release|Any CPU
		{8ADCACCD-B4A3-F01C-8759-9086D8165F22}.Release|x64.Build.0 = Release|Any CPU
		{8ADCACCD-B4A3-F01C-8759-9086D8165F22}.Release|x86.ActiveCfg = Release|Any CPU
		{8ADCACCD-B4A3-F01C-8759-9086D8165F22}.Release|x86.Build.0 = Release|Any CPU
		{1B9D0E05-CCEC-F019-B2CC-E0E3E87ADCA5}.Debug|Any CPU.ActiveCfg = Debug|Any CPU
		{1B9D0E05-CCEC-F019-B2CC-E0E3E87ADCA5}.Debug|Any CPU.Build.0 = Debug|Any CPU
		{1B9D0E05-CCEC-F019-B2CC-E0E3E87ADCA5}.Debug|x64.ActiveCfg = Debug|Any CPU
		{1B9D0E05-CCEC-F019-B2CC-E0E3E87ADCA5}.Debug|x64.Build.0 = Debug|Any CPU
		{1B9D0E05-CCEC-F019-B2CC-E0E3E87ADCA5}.Debug|x86.ActiveCfg = Debug|Any CPU
		{1B9D0E05-CCEC-F019-B2CC-E0E3E87ADCA5}.Debug|x86.Build.0 = Debug|Any CPU
		{1B9D0E05-CCEC-F019-B2CC-E0E3E87ADCA5}.Release|Any CPU.ActiveCfg = Release|Any CPU
		{1B9D0E05-CCEC-F019-B2CC-E0E3E87ADCA5}.Release|Any CPU.Build.0 = Release|Any CPU
		{1B9D0E05-CCEC-F019-B2CC-E0E3E87ADCA5}.Release|x64.ActiveCfg = Release|Any CPU
		{1B9D0E05-CCEC-F019-B2CC-E0E3E87ADCA5}.Release|x64.Build.0 = Release|Any CPU
		{1B9D0E05-CCEC-F019-B2CC-E0E3E87ADCA5}.Release|x86.ActiveCfg = Release|Any CPU
		{1B9D0E05-CCEC-F019-B2CC-E0E3E87ADCA5}.Release|x86.Build.0 = Release|Any CPU
		{CD5F67DB-072D-7917-17D4-6F062072205E}.Debug|Any CPU.ActiveCfg = Debug|Any CPU
		{CD5F67DB-072D-7917-17D4-6F062072205E}.Debug|Any CPU.Build.0 = Debug|Any CPU
		{CD5F67DB-072D-7917-17D4-6F062072205E}.Debug|x64.ActiveCfg = Debug|Any CPU
		{CD5F67DB-072D-7917-17D4-6F062072205E}.Debug|x64.Build.0 = Debug|Any CPU
		{CD5F67DB-072D-7917-17D4-6F062072205E}.Debug|x86.ActiveCfg = Debug|Any CPU
		{CD5F67DB-072D-7917-17D4-6F062072205E}.Debug|x86.Build.0 = Debug|Any CPU
		{CD5F67DB-072D-7917-17D4-6F062072205E}.Release|Any CPU.ActiveCfg = Release|Any CPU
		{CD5F67DB-072D-7917-17D4-6F062072205E}.Release|Any CPU.Build.0 = Release|Any CPU
		{CD5F67DB-072D-7917-17D4-6F062072205E}.Release|x64.ActiveCfg = Release|Any CPU
		{CD5F67DB-072D-7917-17D4-6F062072205E}.Release|x64.Build.0 = Release|Any CPU
		{CD5F67DB-072D-7917-17D4-6F062072205E}.Release|x86.ActiveCfg = Release|Any CPU
		{CD5F67DB-072D-7917-17D4-6F062072205E}.Release|x86.Build.0 = Release|Any CPU
	EndGlobalSection
	GlobalSection(SolutionProperties) = preSolution
		HideSolutionNode = FALSE
	EndGlobalSection
	GlobalSection(NestedProjects) = preSolution
		{604571AE-3757-9EDE-9BC0-B04F8C140911} = {CF08AE2C-7AA6-47D3-9D0F-A081C03668BB}
		{F8317FD3-387B-91C4-4712-81BBEBB03F2D} = {CF08AE2C-7AA6-47D3-9D0F-A081C03668BB}
		{BE8F0277-185B-0AD0-3B52-12F27CE55D1F} = {7275987B-9762-4DB5-A60C-45F3881008D5}
		{0DD5664A-25F0-361C-5D42-6A72C2BC4559} = {7275987B-9762-4DB5-A60C-45F3881008D5}
		{335CB99D-1CB0-505B-1998-0CCD24626C17} = {AB82DCCC-8272-418E-BAB0-F45B07252817}
		{DD29BCD5-2852-5FEC-E0D6-1BE47AA7DC4F} = {AB82DCCC-8272-418E-BAB0-F45B07252817}
		{34F40D08-0256-49CF-BE9B-7220F49B06D8} = {D20E9CB1-92EA-4758-BF9D-679FD61B33BA}
		{8ADCACCD-B4A3-F01C-8759-9086D8165F22} = {D20E9CB1-92EA-4758-BF9D-679FD61B33BA}
		{1B9D0E05-CCEC-F019-B2CC-E0E3E87ADCA5} = {02EA681E-C7D8-13C7-8484-4AC65E1B71E8}
		{CD5F67DB-072D-7917-17D4-6F062072205E} = {02EA681E-C7D8-13C7-8484-4AC65E1B71E8}
	EndGlobalSection
	GlobalSection(ExtensibilityGlobals) = postSolution
		SolutionGuid = {0E539533-78EB-4862-B36F-E0220BC24A77}
	EndGlobalSection
EndGlobal
