
Microsoft Visual Studio Solution File, Format Version 12.00
# Visual Studio Version 17
VisualStudioVersion = 17.14.36623.8 d17.14
MinimumVisualStudioVersion = 10.0.40219.1
Project("{FAE04EC0-301F-11D3-BF4B-00C04F79EFBC}") = "GKG.RailCommunicateSubMachineModules", "GKG.RailCommunicateSubMachineModules\GKG.RailCommunicateSubMachineModules.csproj", "{20277359-380C-7A23-700E-A685F02D00C5}"
EndProject
Project("{FAE04EC0-301F-11D3-BF4B-00C04F79EFBC}") = "RailCommunicateSubMachineModules", "RailCommunicateSubMachineModules\RailCommunicateSubMachineModules.csproj", "{998545A4-2444-3A08-74C3-31B350FE0260}"
EndProject
Global
	GlobalSection(SolutionConfigurationPlatforms) = preSolution
		Debug|Any CPU = Debug|Any CPU
		Release|Any CPU = Release|Any CPU
	EndGlobalSection
	GlobalSection(ProjectConfigurationPlatforms) = postSolution
		{20277359-380C-7A23-700E-A685F02D00C5}.Debug|Any CPU.ActiveCfg = Debug|Any CPU
		{20277359-380C-7A23-700E-A685F02D00C5}.Debug|Any CPU.Build.0 = Debug|Any CPU
		{20277359-380C-7A23-700E-A685F02D00C5}.Release|Any CPU.ActiveCfg = Release|Any CPU
		{20277359-380C-7A23-700E-A685F02D00C5}.Release|Any CPU.Build.0 = Release|Any CPU
		{998545A4-2444-3A08-74C3-31B350FE0260}.Debug|Any CPU.ActiveCfg = Debug|Any CPU
		{998545A4-2444-3A08-74C3-31B350FE0260}.Debug|Any CPU.Build.0 = Debug|Any CPU
		{998545A4-2444-3A08-74C3-31B350FE0260}.Release|Any CPU.ActiveCfg = Release|Any CPU
		{998545A4-2444-3A08-74C3-31B350FE0260}.Release|Any CPU.Build.0 = Release|Any CPU
	EndGlobalSection
	GlobalSection(SolutionProperties) = preSolution
		HideSolutionNode = FALSE
	EndGlobalSection
	GlobalSection(ExtensibilityGlobals) = postSolution
		SolutionGuid = {63985312-9C32-4D08-8584-550E5FC827B4}
	EndGlobalSection
EndGlobal
