
Microsoft Visual Studio Solution File, Format Version 12.00
# Visual Studio Version 18
VisualStudioVersion = 18.7.11919.86
MinimumVisualStudioVersion = 10.0.40219.1
Project("{FAE04EC0-301F-11D3-BF4B-00C04F79EFBC}") = "WeighingBalanceSubMachineModules", "WeighingBalance\WeighingBalanceSubMachineModules\WeighingBalanceSubMachineModules.csproj", "{966A65C0-A80B-69A5-03B6-6CC537B6EB30}"
EndProject
Project("{2150E333-8FDC-42A3-9474-1A3956D46DE8}") = "WeighingBalance", "WeighingBalance", "{02EA681E-C7D8-13C7-8484-4AC65E1B71E8}"
EndProject
Project("{FAE04EC0-301F-11D3-BF4B-00C04F79EFBC}") = "GKG.WeighingBalanceSubMachineModules", "WeighingBalance\GKG.WeighingBalanceSubMachineModules\GKG.WeighingBalanceSubMachineModules.csproj", "{35CA174C-F6BB-4A56-CF13-AC6605C47B1E}"
EndProject
Project("{FAE04EC0-301F-11D3-BF4B-00C04F79EFBC}") = "DispensingFunctionHeadSubMachineModules", "..\function-header\Valve\DispensingFunctionHeadSubMachineModules\DispensingFunctionHeadSubMachineModules.csproj", "{D6903F64-5867-5034-7FAC-10493420B1C0}"
EndProject
Project("{FAE04EC0-301F-11D3-BF4B-00C04F79EFBC}") = "BasicRobotSubMachineModules", "..\motion-control\BasicRobot\BasicSubMachineModules\BasicRobotSubMachineModules.csproj", "{B916EC06-C644-9E0C-340C-4BCE539C6CB2}"
EndProject
Project("{FAE04EC0-301F-11D3-BF4B-00C04F79EFBC}") = "GKG", "..\basic-library\GKG\GKG.csproj", "{FBC638DB-F990-1F51-690A-BAB95DA1D38F}"
EndProject
Project("{FAE04EC0-301F-11D3-BF4B-00C04F79EFBC}") = "GKG.ElectronicControl", "..\basic-library\GKG.ElectronicControl\GKG.ElectronicControl.csproj", "{0081959B-0E0F-50D0-0CD1-5DBED9A54798}"
EndProject
Global
	GlobalSection(SolutionConfigurationPlatforms) = preSolution
		Debug|Any CPU = Debug|Any CPU
		Release|Any CPU = Release|Any CPU
	EndGlobalSection
	GlobalSection(ProjectConfigurationPlatforms) = postSolution
		{966A65C0-A80B-69A5-03B6-6CC537B6EB30}.Debug|Any CPU.ActiveCfg = Debug|Any CPU
		{966A65C0-A80B-69A5-03B6-6CC537B6EB30}.Debug|Any CPU.Build.0 = Debug|Any CPU
		{966A65C0-A80B-69A5-03B6-6CC537B6EB30}.Release|Any CPU.ActiveCfg = Release|Any CPU
		{966A65C0-A80B-69A5-03B6-6CC537B6EB30}.Release|Any CPU.Build.0 = Release|Any CPU
		{35CA174C-F6BB-4A56-CF13-AC6605C47B1E}.Debug|Any CPU.ActiveCfg = Debug|Any CPU
		{35CA174C-F6BB-4A56-CF13-AC6605C47B1E}.Debug|Any CPU.Build.0 = Debug|Any CPU
		{35CA174C-F6BB-4A56-CF13-AC6605C47B1E}.Release|Any CPU.ActiveCfg = Release|Any CPU
		{35CA174C-F6BB-4A56-CF13-AC6605C47B1E}.Release|Any CPU.Build.0 = Release|Any CPU
		{D6903F64-5867-5034-7FAC-10493420B1C0}.Debug|Any CPU.ActiveCfg = Debug|Any CPU
		{D6903F64-5867-5034-7FAC-10493420B1C0}.Debug|Any CPU.Build.0 = Debug|Any CPU
		{D6903F64-5867-5034-7FAC-10493420B1C0}.Release|Any CPU.ActiveCfg = Release|Any CPU
		{D6903F64-5867-5034-7FAC-10493420B1C0}.Release|Any CPU.Build.0 = Release|Any CPU
		{B916EC06-C644-9E0C-340C-4BCE539C6CB2}.Debug|Any CPU.ActiveCfg = Debug|Any CPU
		{B916EC06-C644-9E0C-340C-4BCE539C6CB2}.Debug|Any CPU.Build.0 = Debug|Any CPU
		{B916EC06-C644-9E0C-340C-4BCE539C6CB2}.Release|Any CPU.ActiveCfg = Release|Any CPU
		{B916EC06-C644-9E0C-340C-4BCE539C6CB2}.Release|Any CPU.Build.0 = Release|Any CPU
		{FBC638DB-F990-1F51-690A-BAB95DA1D38F}.Debug|Any CPU.ActiveCfg = Debug|Any CPU
		{FBC638DB-F990-1F51-690A-BAB95DA1D38F}.Debug|Any CPU.Build.0 = Debug|Any CPU
		{FBC638DB-F990-1F51-690A-BAB95DA1D38F}.Release|Any CPU.ActiveCfg = Release|Any CPU
		{FBC638DB-F990-1F51-690A-BAB95DA1D38F}.Release|Any CPU.Build.0 = Release|Any CPU
		{0081959B-0E0F-50D0-0CD1-5DBED9A54798}.Debug|Any CPU.ActiveCfg = Debug|Any CPU
		{0081959B-0E0F-50D0-0CD1-5DBED9A54798}.Debug|Any CPU.Build.0 = Debug|Any CPU
		{0081959B-0E0F-50D0-0CD1-5DBED9A54798}.Release|Any CPU.ActiveCfg = Release|Any CPU
		{0081959B-0E0F-50D0-0CD1-5DBED9A54798}.Release|Any CPU.Build.0 = Release|Any CPU
	EndGlobalSection
	GlobalSection(SolutionProperties) = preSolution
		HideSolutionNode = FALSE
	EndGlobalSection
	GlobalSection(NestedProjects) = preSolution
		{966A65C0-A80B-69A5-03B6-6CC537B6EB30} = {02EA681E-C7D8-13C7-8484-4AC65E1B71E8}
		{35CA174C-F6BB-4A56-CF13-AC6605C47B1E} = {02EA681E-C7D8-13C7-8484-4AC65E1B71E8}
	EndGlobalSection
	GlobalSection(ExtensibilityGlobals) = postSolution
		SolutionGuid = {FFE27D39-6905-48B8-9E68-84D25D4EB832}
	EndGlobalSection
EndGlobal
