
Microsoft Visual Studio Solution File, Format Version 12.00
# Visual Studio Version 17
VisualStudioVersion = 17.14.36408.4 d17.14
MinimumVisualStudioVersion = 10.0.40219.1
Project("{FAE04EC0-301F-11D3-BF4B-00C04F79EFBC}") = "MainFrame", "页面框架模板插件\MainFrame\MainFrame.csproj", "{DA90DB07-4C53-8143-181A-CC7E4AB3F897}"
EndProject
Project("{FAE04EC0-301F-11D3-BF4B-00C04F79EFBC}") = "NonMainFrame", "页面框架模板插件\NonMainFrame\NonMainFrame.csproj", "{D177AB08-E821-83DC-2C8B-AC7A76C7E18F}"
EndProject
Project("{FAE04EC0-301F-11D3-BF4B-00C04F79EFBC}") = "GridControlContainer", "子页面容器插件\GridControlContainer\GridControlContainer.csproj", "{C1F1CA30-544A-C952-08AF-F6893EA7C675}"
EndProject
Project("{FAE04EC0-301F-11D3-BF4B-00C04F79EFBC}") = "TabControlContainer", "子页面容器插件\TabControlContainer\TabControlContainer.csproj", "{086F7081-CF43-BB90-FF3E-C9CA89682F47}"
EndProject
Global
	GlobalSection(SolutionConfigurationPlatforms) = preSolution
		Debug|Any CPU = Debug|Any CPU
		Release|Any CPU = Release|Any CPU
	EndGlobalSection
	GlobalSection(ProjectConfigurationPlatforms) = postSolution
		{DA90DB07-4C53-8143-181A-CC7E4AB3F897}.Debug|Any CPU.ActiveCfg = Debug|Any CPU
		{DA90DB07-4C53-8143-181A-CC7E4AB3F897}.Debug|Any CPU.Build.0 = Debug|Any CPU
		{DA90DB07-4C53-8143-181A-CC7E4AB3F897}.Release|Any CPU.ActiveCfg = Release|Any CPU
		{DA90DB07-4C53-8143-181A-CC7E4AB3F897}.Release|Any CPU.Build.0 = Release|Any CPU
		{D177AB08-E821-83DC-2C8B-AC7A76C7E18F}.Debug|Any CPU.ActiveCfg = Debug|Any CPU
		{D177AB08-E821-83DC-2C8B-AC7A76C7E18F}.Debug|Any CPU.Build.0 = Debug|Any CPU
		{D177AB08-E821-83DC-2C8B-AC7A76C7E18F}.Release|Any CPU.ActiveCfg = Release|Any CPU
		{D177AB08-E821-83DC-2C8B-AC7A76C7E18F}.Release|Any CPU.Build.0 = Release|Any CPU
		{C1F1CA30-544A-C952-08AF-F6893EA7C675}.Debug|Any CPU.ActiveCfg = Debug|Any CPU
		{C1F1CA30-544A-C952-08AF-F6893EA7C675}.Debug|Any CPU.Build.0 = Debug|Any CPU
		{C1F1CA30-544A-C952-08AF-F6893EA7C675}.Release|Any CPU.ActiveCfg = Release|Any CPU
		{C1F1CA30-544A-C952-08AF-F6893EA7C675}.Release|Any CPU.Build.0 = Release|Any CPU
		{086F7081-CF43-BB90-FF3E-C9CA89682F47}.Debug|Any CPU.ActiveCfg = Debug|Any CPU
		{086F7081-CF43-BB90-FF3E-C9CA89682F47}.Debug|Any CPU.Build.0 = Debug|Any CPU
		{086F7081-CF43-BB90-FF3E-C9CA89682F47}.Release|Any CPU.ActiveCfg = Release|Any CPU
		{086F7081-CF43-BB90-FF3E-C9CA89682F47}.Release|Any CPU.Build.0 = Release|Any CPU
	EndGlobalSection
	GlobalSection(SolutionProperties) = preSolution
		HideSolutionNode = FALSE
	EndGlobalSection
	GlobalSection(ExtensibilityGlobals) = postSolution
		SolutionGuid = {93C7D086-87F5-4CE3-9F5D-1FB013325335}
	EndGlobalSection
EndGlobal
