
Microsoft Visual Studio Solution File, Format Version 12.00
# Visual Studio Version 17
VisualStudioVersion = 17.14.36623.8 d17.14
MinimumVisualStudioVersion = 10.0.40219.1
Project("{2150E333-8FDC-42A3-9474-1A3956D46DE8}") = "MaterialBoxSubMM", "MaterialBoxSubMM", "{C84ED7E2-BC0F-47F3-9283-8FD31309D7E4}"
EndProject
Project("{2150E333-8FDC-42A3-9474-1A3956D46DE8}") = "PushRodSubMM", "PushRodSubMM", "{319E4CA5-F55A-495C-99FA-8A4D870F9CF9}"
EndProject
Project("{FAE04EC0-301F-11D3-BF4B-00C04F79EFBC}") = "GKG.MaterialBoxSubMachineModules", "MaterialBoxSubMM\GKG.MaterialBoxSubMachineModules\GKG.MaterialBoxSubMachineModules.csproj", "{1B7DF60C-A32A-66ED-BB0E-2493F178E14E}"
EndProject
Project("{FAE04EC0-301F-11D3-BF4B-00C04F79EFBC}") = "MaterialBoxSubMachineModules", "MaterialBoxSubMM\MaterialBoxSubMachineModules\MaterialBoxSubMachineModules.csproj", "{C4421B3B-2D32-6006-5DF6-94D341CBE32B}"
EndProject
Project("{FAE04EC0-301F-11D3-BF4B-00C04F79EFBC}") = "PushRodSubMachineModules", "PushRodSubMM\PushRodSubMachineModules\PushRodSubMachineModules.csproj", "{E6133115-A00A-4109-BFF7-55153C8504CB}"
EndProject
Project("{FAE04EC0-301F-11D3-BF4B-00C04F79EFBC}") = "GKG.PushRodSubMachineModules", "PushRodSubMM\GKG.PushRodSubMachineModules\GKG.PushRodSubMachineModules.csproj", "{120A84EA-F017-2A65-542B-F878B3212F9A}"
EndProject
Project("{FAE04EC0-301F-11D3-BF4B-00C04F79EFBC}") = "GKG.LoadUnloadMachineModules", "LoadUnloadMM\GKG.LoadUnloadMachineModules\GKG.LoadUnloadMachineModules.csproj", "{CE1F3652-CFFF-D613-C8D2-84A125E25214}"
EndProject
Project("{FAE04EC0-301F-11D3-BF4B-00C04F79EFBC}") = "LoadUnloadMachineModules", "LoadUnloadMM\LoadUnloadMachineModules\LoadUnloadMachineModules.csproj", "{B60BB063-BE96-AA00-C52C-882CAEF6CA5A}"
EndProject
Project("{2150E333-8FDC-42A3-9474-1A3956D46DE8}") = "LoadUnloadMM", "LoadUnloadMM", "{02EA681E-C7D8-13C7-8484-4AC65E1B71E8}"
EndProject
Global
	GlobalSection(SolutionConfigurationPlatforms) = preSolution
		Debug|Any CPU = Debug|Any CPU
		Release|Any CPU = Release|Any CPU
	EndGlobalSection
	GlobalSection(ProjectConfigurationPlatforms) = postSolution
		{1B7DF60C-A32A-66ED-BB0E-2493F178E14E}.Debug|Any CPU.ActiveCfg = Debug|Any CPU
		{1B7DF60C-A32A-66ED-BB0E-2493F178E14E}.Debug|Any CPU.Build.0 = Debug|Any CPU
		{1B7DF60C-A32A-66ED-BB0E-2493F178E14E}.Release|Any CPU.ActiveCfg = Release|Any CPU
		{1B7DF60C-A32A-66ED-BB0E-2493F178E14E}.Release|Any CPU.Build.0 = Release|Any CPU
		{C4421B3B-2D32-6006-5DF6-94D341CBE32B}.Debug|Any CPU.ActiveCfg = Debug|Any CPU
		{C4421B3B-2D32-6006-5DF6-94D341CBE32B}.Debug|Any CPU.Build.0 = Debug|Any CPU
		{C4421B3B-2D32-6006-5DF6-94D341CBE32B}.Release|Any CPU.ActiveCfg = Release|Any CPU
		{C4421B3B-2D32-6006-5DF6-94D341CBE32B}.Release|Any CPU.Build.0 = Release|Any CPU
		{E6133115-A00A-4109-BFF7-55153C8504CB}.Debug|Any CPU.ActiveCfg = Debug|Any CPU
		{E6133115-A00A-4109-BFF7-55153C8504CB}.Debug|Any CPU.Build.0 = Debug|Any CPU
		{E6133115-A00A-4109-BFF7-55153C8504CB}.Release|Any CPU.ActiveCfg = Release|Any CPU
		{E6133115-A00A-4109-BFF7-55153C8504CB}.Release|Any CPU.Build.0 = Release|Any CPU
		{120A84EA-F017-2A65-542B-F878B3212F9A}.Debug|Any CPU.ActiveCfg = Debug|Any CPU
		{120A84EA-F017-2A65-542B-F878B3212F9A}.Debug|Any CPU.Build.0 = Debug|Any CPU
		{120A84EA-F017-2A65-542B-F878B3212F9A}.Release|Any CPU.ActiveCfg = Release|Any CPU
		{120A84EA-F017-2A65-542B-F878B3212F9A}.Release|Any CPU.Build.0 = Release|Any CPU
		{CE1F3652-CFFF-D613-C8D2-84A125E25214}.Debug|Any CPU.ActiveCfg = Debug|Any CPU
		{CE1F3652-CFFF-D613-C8D2-84A125E25214}.Debug|Any CPU.Build.0 = Debug|Any CPU
		{CE1F3652-CFFF-D613-C8D2-84A125E25214}.Release|Any CPU.ActiveCfg = Release|Any CPU
		{CE1F3652-CFFF-D613-C8D2-84A125E25214}.Release|Any CPU.Build.0 = Release|Any CPU
		{B60BB063-BE96-AA00-C52C-882CAEF6CA5A}.Debug|Any CPU.ActiveCfg = Debug|Any CPU
		{B60BB063-BE96-AA00-C52C-882CAEF6CA5A}.Debug|Any CPU.Build.0 = Debug|Any CPU
		{B60BB063-BE96-AA00-C52C-882CAEF6CA5A}.Release|Any CPU.ActiveCfg = Release|Any CPU
		{B60BB063-BE96-AA00-C52C-882CAEF6CA5A}.Release|Any CPU.Build.0 = Release|Any CPU
	EndGlobalSection
	GlobalSection(SolutionProperties) = preSolution
		HideSolutionNode = FALSE
	EndGlobalSection
	GlobalSection(NestedProjects) = preSolution
		{1B7DF60C-A32A-66ED-BB0E-2493F178E14E} = {C84ED7E2-BC0F-47F3-9283-8FD31309D7E4}
		{C4421B3B-2D32-6006-5DF6-94D341CBE32B} = {C84ED7E2-BC0F-47F3-9283-8FD31309D7E4}
		{E6133115-A00A-4109-BFF7-55153C8504CB} = {319E4CA5-F55A-495C-99FA-8A4D870F9CF9}
		{120A84EA-F017-2A65-542B-F878B3212F9A} = {319E4CA5-F55A-495C-99FA-8A4D870F9CF9}
		{CE1F3652-CFFF-D613-C8D2-84A125E25214} = {02EA681E-C7D8-13C7-8484-4AC65E1B71E8}
		{B60BB063-BE96-AA00-C52C-882CAEF6CA5A} = {02EA681E-C7D8-13C7-8484-4AC65E1B71E8}
	EndGlobalSection
	GlobalSection(ExtensibilityGlobals) = postSolution
		SolutionGuid = {8100B584-0586-42C1-85EB-76EBC1D67120}
	EndGlobalSection
EndGlobal
